
Microsoft Visual Studio Solution File, Format Version 12.00
# Visual Studio Version 17
VisualStudioVersion = 17.1.32421.90
MinimumVisualStudioVersion = 10.0.40219.1
Project("{FAE04EC0-301F-11D3-BF4B-00C04F79EFBC}") = "SortableCollections", "SortableCollections\SortableCollections.csproj", "{B94B878B-B5E5-4157-AC12-EF7BF1AAD226}"
EndProject
Global
	GlobalSection(SolutionConfigurationPlatforms) = preSolution
		Debug|Any CPU = Debug|Any CPU
		Release|Any CPU = Release|Any CPU
	EndGlobalSection
	GlobalSection(ProjectConfigurationPlatforms) = postSolution
		{B94B878B-B5E5-4157-AC12-EF7BF1AAD226}.Debug|Any CPU.ActiveCfg = Debug|Any CPU
		{B94B878B-B5E5-4157-AC12-EF7BF1AAD226}.Debug|Any CPU.Build.0 = Debug|Any CPU
		{B94B878B-B5E5-4157-AC12-EF7BF1AAD226}.Release|Any CPU.ActiveCfg = Release|Any CPU
		{B94B878B-B5E5-4157-AC12-EF7BF1AAD226}.Release|Any CPU.Build.0 = Release|Any CPU
	EndGlobalSection
	GlobalSection(SolutionProperties) = preSolution
		HideSolutionNode = FALSE
	EndGlobalSection
	GlobalSection(ExtensibilityGlobals) = postSolution
		SolutionGuid = {D067BADC-2D2D-497E-8791-4F417E23EDE0}
	EndGlobalSection
EndGlobal
